{
  "name": "rap",
  "version": "1.0.0",
  "lockfileVersion": 2,
  "requires": true,
  "packages": {
    "": {
      "name": "rap",
      "version": "1.0.0",
      "license": "ISC",
      "dependencies": {
        "@sasjs/core": "4.17.1"
      }
    },
    "node_modules/@sasjs/core": {
      "version": "4.17.1",
      "resolved": "https://registry.npmjs.org/@sasjs/core/-/core-4.17.1.tgz",
      "integrity": "sha512-pr7Tj2bVDuiH2EVAZU8oC+dHeJpwOoVD8w20J46ZOVU1qvy//Qod80mOhwGuTkrJZ8HWxmpPVS0aBlQhBoUezw=="
    }
  },
  "dependencies": {
    "@sasjs/core": {
      "version": "4.17.1",
      "resolved": "https://registry.npmjs.org/@sasjs/core/-/core-4.17.1.tgz",
      "integrity": "sha512-pr7Tj2bVDuiH2EVAZU8oC+dHeJpwOoVD8w20J46ZOVU1qvy//Qod80mOhwGuTkrJZ8HWxmpPVS0aBlQhBoUezw=="
    }
  }
}
