{
  "name": "rap",
  "version": "1.0.0",
  "lockfileVersion": 2,
  "requires": true,
  "packages": {
    "": {
      "name": "rap",
      "version": "1.0.0",
      "license": "ISC",
      "dependencies": {
        "@sasjs/core": "^4.32.13"
      }
    },
    "node_modules/@sasjs/core": {
      "version": "4.32.13",
      "resolved": "https://registry.npmjs.org/@sasjs/core/-/core-4.32.13.tgz",
      "integrity": "sha512-QJJQv28UEfXpdM4OZq+/swFYMKPM41NZuLJTXm5hbOMXzxpaT6G5Rx4RsIemrZbpojIajIhq/Vlm18iQwe09cQ=="
    }
  },
  "dependencies": {
    "@sasjs/core": {
      "version": "4.32.13",
      "resolved": "https://registry.npmjs.org/@sasjs/core/-/core-4.32.13.tgz",
      "integrity": "sha512-QJJQv28UEfXpdM4OZq+/swFYMKPM41NZuLJTXm5hbOMXzxpaT6G5Rx4RsIemrZbpojIajIhq/Vlm18iQwe09cQ=="
    }
  }
}
