{
  "name": "rap",
  "version": "1.0.0",
  "lockfileVersion": 1,
  "requires": true,
  "dependencies": {
    "macrocore": {
      "version": "5.16.0",
      "resolved": "https://registry.npmjs.org/macrocore/-/macrocore-5.16.0.tgz",
      "integrity": "sha512-C2bJ8dENX3NRo7YlEcGu7IkO1LhjunYeZ1f9i6LPPOCVqxADzVRhLO8NKyoE6sqvhaSFs40wise4nKhWtlrVcQ=="
    }
  }
}
